
Microsoft Visual Studio Solution File, Format Version 12.00
# Visual Studio Version 17
VisualStudioVersion = 17.10.35122.118
MinimumVisualStudioVersion = 10.0.40219.1
Project("{9A19103F-16F7-4668-BE54-9A1E7A4F7556}") = "Pricelists.API", ".\Pricelists.API\Pricelists.API.csproj", "{6A451A3A-A71E-444C-89FD-D9452492E67B}"
EndProject
Project("{9A19103F-16F7-4668-BE54-9A1E7A4F7556}") = "Pricelists.Core", ".\Pricelists.Core\Pricelists.Core.csproj", "{E8F61E1D-FF0C-4677-874F-7A3EE585C2BD}"
EndProject
Project("{9A19103F-16F7-4668-BE54-9A1E7A4F7556}") = "Pricelists.DataAccess", ".\Pricelists.DataAccess\Pricelists.DataAccess.csproj", "{32301902-2EA1-4267-9352-F17AD458571B}"
EndProject
Project("{FAE04EC0-301F-11D3-BF4B-00C04F79EFBC}") = "Pricelists.Application", ".\Pricelists.Application\Pricelists.Application.csproj", "{B90D8530-0E87-4B03-8078-163F10592553}"
EndProject
Global
	GlobalSection(SolutionConfigurationPlatforms) = preSolution
		Debug|Any CPU = Debug|Any CPU
		Release|Any CPU = Release|Any CPU
	EndGlobalSection
	GlobalSection(ProjectConfigurationPlatforms) = postSolution
		{6A451A3A-A71E-444C-89FD-D9452492E67B}.Debug|Any CPU.ActiveCfg = Debug|Any CPU
		{6A451A3A-A71E-444C-89FD-D9452492E67B}.Debug|Any CPU.Build.0 = Debug|Any CPU
		{6A451A3A-A71E-444C-89FD-D9452492E67B}.Release|Any CPU.ActiveCfg = Release|Any CPU
		{6A451A3A-A71E-444C-89FD-D9452492E67B}.Release|Any CPU.Build.0 = Release|Any CPU
		{E8F61E1D-FF0C-4677-874F-7A3EE585C2BD}.Debug|Any CPU.ActiveCfg = Debug|Any CPU
		{E8F61E1D-FF0C-4677-874F-7A3EE585C2BD}.Debug|Any CPU.Build.0 = Debug|Any CPU
		{E8F61E1D-FF0C-4677-874F-7A3EE585C2BD}.Release|Any CPU.ActiveCfg = Release|Any CPU
		{E8F61E1D-FF0C-4677-874F-7A3EE585C2BD}.Release|Any CPU.Build.0 = Release|Any CPU
		{32301902-2EA1-4267-9352-F17AD458571B}.Debug|Any CPU.ActiveCfg = Debug|Any CPU
		{32301902-2EA1-4267-9352-F17AD458571B}.Debug|Any CPU.Build.0 = Debug|Any CPU
		{32301902-2EA1-4267-9352-F17AD458571B}.Release|Any CPU.ActiveCfg = Release|Any CPU
		{32301902-2EA1-4267-9352-F17AD458571B}.Release|Any CPU.Build.0 = Release|Any CPU
		{B90D8530-0E87-4B03-8078-163F10592553}.Debug|Any CPU.ActiveCfg = Debug|Any CPU
		{B90D8530-0E87-4B03-8078-163F10592553}.Debug|Any CPU.Build.0 = Debug|Any CPU
		{B90D8530-0E87-4B03-8078-163F10592553}.Release|Any CPU.ActiveCfg = Release|Any CPU
		{B90D8530-0E87-4B03-8078-163F10592553}.Release|Any CPU.Build.0 = Release|Any CPU
	EndGlobalSection
	GlobalSection(SolutionProperties) = preSolution
		HideSolutionNode = FALSE
	EndGlobalSection
	GlobalSection(ExtensibilityGlobals) = postSolution
		SolutionGuid = {8632EBB5-56A4-421A-929B-0EA274F06605}
	EndGlobalSection
EndGlobal
